
Microsoft Visual Studio Solution File, Format Version 12.00
# Visual Studio Version 17
VisualStudioVersion = 17.9.34728.123
MinimumVisualStudioVersion = 10.0.40219.1
Project("{FAE04EC0-301F-11D3-BF4B-00C04F79EFBC}") = "ScrollViewInVerticalStackLayout", "ScrollViewInVerticalStackLayout\ScrollViewInVerticalStackLayout.csproj", "{832B0D46-BA02-4298-BAC9-94BCC6344550}"
EndProject
Global
	GlobalSection(SolutionConfigurationPlatforms) = preSolution
		Debug|Any CPU = Debug|Any CPU
		Release|Any CPU = Release|Any CPU
	EndGlobalSection
	GlobalSection(ProjectConfigurationPlatforms) = postSolution
		{832B0D46-BA02-4298-BAC9-94BCC6344550}.Debug|Any CPU.ActiveCfg = Debug|Any CPU
		{832B0D46-BA02-4298-BAC9-94BCC6344550}.Debug|Any CPU.Build.0 = Debug|Any CPU
		{832B0D46-BA02-4298-BAC9-94BCC6344550}.Debug|Any CPU.Deploy.0 = Debug|Any CPU
		{832B0D46-BA02-4298-BAC9-94BCC6344550}.Release|Any CPU.ActiveCfg = Release|Any CPU
		{832B0D46-BA02-4298-BAC9-94BCC6344550}.Release|Any CPU.Build.0 = Release|Any CPU
		{832B0D46-BA02-4298-BAC9-94BCC6344550}.Release|Any CPU.Deploy.0 = Release|Any CPU
	EndGlobalSection
	GlobalSection(SolutionProperties) = preSolution
		HideSolutionNode = FALSE
	EndGlobalSection
	GlobalSection(ExtensibilityGlobals) = postSolution
		SolutionGuid = {51E57052-235D-4F05-91F6-72614485C3CA}
	EndGlobalSection
EndGlobal
